
Microsoft Visual Studio Solution File, Format Version 12.00
# Visual Studio 15
VisualStudioVersion = 15.0.28307.572
MinimumVisualStudioVersion = 10.0.40219.1
Project("{FAE04EC0-301F-11D3-BF4B-00C04F79EFBC}") = "WebApiModelValidation", "WebApiModelValidation\WebApiModelValidation.csproj", "{DFA6CE63-84A6-42B4-B2C3-6E06B136D7E8}"
EndProject
Project("{2150E333-8FDC-42A3-9474-1A3956D46DE8}") = "Solution Items", "Solution Items", "{5E4724F1-C406-4D76-884A-21E73D650B7D}"
	ProjectSection(SolutionItems) = preProject
		ReadMe.txt = ReadMe.txt
	EndProjectSection
EndProject
Global
	GlobalSection(SolutionConfigurationPlatforms) = preSolution
		Debug|Any CPU = Debug|Any CPU
		Release|Any CPU = Release|Any CPU
	EndGlobalSection
	GlobalSection(ProjectConfigurationPlatforms) = postSolution
		{DFA6CE63-84A6-42B4-B2C3-6E06B136D7E8}.Debug|Any CPU.ActiveCfg = Debug|Any CPU
		{DFA6CE63-84A6-42B4-B2C3-6E06B136D7E8}.Debug|Any CPU.Build.0 = Debug|Any CPU
		{DFA6CE63-84A6-42B4-B2C3-6E06B136D7E8}.Release|Any CPU.ActiveCfg = Release|Any CPU
		{DFA6CE63-84A6-42B4-B2C3-6E06B136D7E8}.Release|Any CPU.Build.0 = Release|Any CPU
	EndGlobalSection
	GlobalSection(SolutionProperties) = preSolution
		HideSolutionNode = FALSE
	EndGlobalSection
	GlobalSection(ExtensibilityGlobals) = postSolution
		SolutionGuid = {983D56C2-51CB-45B1-A513-EAA6EF0992B1}
	EndGlobalSection
EndGlobal
